# THIS IS AN AUTOGENERATED FILE. DO NOT EDIT THIS FILE DIRECTLY.
# yarn lockfile v1


"@types/vscode@^1.52.0":
  version "1.61.0"
  resolved "https://registry.npmmirror.com/@types/vscode/download/@types/vscode-1.61.0.tgz#c54335b6f84c19c69b1435b17cc0ce3b2cecfeec"
  integrity sha1-xUM1tvhMGcabFDWxfMDOOyzs/uw=

vscode-jsonrpc@6.0.0:
  version "6.0.0"
  resolved "https://registry.npmmirror.com/vscode-jsonrpc/download/vscode-jsonrpc-6.0.0.tgz#108bdb09b4400705176b957ceca9e0880e9b6d4e"
  integrity sha1-EIvbCbRABwUXa5V87KngiA6bbU4=

vscode-languageserver-protocol@3.16.0:
  version "3.16.0"
  resolved "https://registry.npmmirror.com/vscode-languageserver-protocol/download/vscode-languageserver-protocol-3.16.0.tgz#34135b61a9091db972188a07d337406a3cdbe821"
  integrity sha1-NBNbYakJHblyGIoH0zdAajzb6CE=
  dependencies:
    vscode-jsonrpc "6.0.0"
    vscode-languageserver-types "3.16.0"

vscode-languageserver-textdocument@^1.0.1:
  version "1.0.2"
  resolved "https://registry.npmmirror.com/vscode-languageserver-textdocument/download/vscode-languageserver-textdocument-1.0.2.tgz#2f9f6bd5b5eb3d8e21424c0c367009216f016236"
  integrity sha1-L59r1bXrPY4hQkwMNnAJIW8BYjY=

vscode-languageserver-types@3.16.0:
  version "3.16.0"
  resolved "https://registry.npmmirror.com/vscode-languageserver-types/download/vscode-languageserver-types-3.16.0.tgz#ecf393fc121ec6974b2da3efb3155644c514e247"
  integrity sha1-7POT/BIexpdLLaPvsxVWRMUU4kc=

vscode-languageserver@^7.0.0:
  version "7.0.0"
  resolved "https://registry.npmmirror.com/vscode-languageserver/download/vscode-languageserver-7.0.0.tgz#49b068c87cfcca93a356969d20f5d9bdd501c6b0"
  integrity sha1-SbBoyHz8ypOjVpadIPXZvdUBxrA=
  dependencies:
    vscode-languageserver-protocol "3.16.0"
