# THIS IS AN AUTOGENERATED FILE. DO NOT EDIT THIS FILE DIRECTLY.
# yarn lockfile v1


"@cspotcode/source-map-consumer@0.8.0":
  version "0.8.0"
  resolved "https://registry.nlark.com/@cspotcode/source-map-consumer/download/@cspotcode/source-map-consumer-0.8.0.tgz#33bf4b7b39c178821606f669bbc447a6a629786b"
  integrity sha1-M79LeznBeIIWBvZpu8RHpqYpeGs=

"@cspotcode/source-map-support@0.7.0":
  version "0.7.0"
  resolved "https://registry.npmmirror.com/@cspotcode/source-map-support/download/@cspotcode/source-map-support-0.7.0.tgz?cache=0&sync_timestamp=1633909344556&other_urls=https%3A%2F%2Fregistry.npmmirror.com%2F%40cspotcode%2Fsource-map-support%2Fdownload%2F%40cspotcode%2Fsource-map-support-0.7.0.tgz#4789840aa859e46d2f3173727ab707c66bf344f5"
  integrity sha1-R4mECqhZ5G0vMXNyercHxmvzRPU=
  dependencies:
    "@cspotcode/source-map-consumer" "0.8.0"

"@lazy-node/sanitize-filename@^1.0.2":
  version "1.0.2"
  resolved "https://registry.npmmirror.com/@lazy-node/sanitize-filename/download/@lazy-node/sanitize-filename-1.0.2.tgz#57ccc48bfe425ba63288248a2bafa4c69633c0bf"
  integrity sha1-V8zEi/5CW6YyiCSKK6+kxpYzwL8=
  dependencies:
    "@lazy-node/windows-unsafe-filename" "^1.0.2"
    filenamify "<5 >=4"
    tslib "^2.3.1"
    zero-width "^1.0.16"

"@lazy-node/windows-unsafe-filename@^1.0.2":
  version "1.0.2"
  resolved "https://registry.npmmirror.com/@lazy-node/windows-unsafe-filename/download/@lazy-node/windows-unsafe-filename-1.0.2.tgz#cfecbc48b8141951379bdf0552497f0f2cc538d3"
  integrity sha1-z+y8SLgUGVE3m98FUkl/DyzFONM=
  dependencies:
    tslib "^2.3.1"

"@tsconfig/node10@^1.0.7":
  version "1.0.8"
  resolved "https://registry.nlark.com/@tsconfig/node10/download/@tsconfig/node10-1.0.8.tgz#c1e4e80d6f964fbecb3359c43bd48b40f7cadad9"
  integrity sha1-weToDW+WT77LM1nEO9SLQPfK2tk=

"@tsconfig/node12@^1.0.7":
  version "1.0.9"
  resolved "https://registry.nlark.com/@tsconfig/node12/download/@tsconfig/node12-1.0.9.tgz#62c1f6dee2ebd9aead80dc3afa56810e58e1a04c"
  integrity sha1-YsH23uLr2a6tgNw6+laBDljhoEw=

"@tsconfig/node14@^1.0.0":
  version "1.0.1"
  resolved "https://registry.nlark.com/@tsconfig/node14/download/@tsconfig/node14-1.0.1.tgz#95f2d167ffb9b8d2068b0b235302fafd4df711f2"
  integrity sha1-lfLRZ/+5uNIGiwsjUwL6/U33EfI=

"@tsconfig/node16@^1.0.2":
  version "1.0.2"
  resolved "https://registry.nlark.com/@tsconfig/node16/download/@tsconfig/node16-1.0.2.tgz#423c77877d0569db20e1fc80885ac4118314010e"
  integrity sha1-Qjx3h30Fadsg4fyAiFrEEYMUAQ4=

"@types/luxon@*":
  version "2.0.5"
  resolved "https://registry.npmmirror.com/@types/luxon/download/@types/luxon-2.0.5.tgz#29d3b095d55ee50df8f4cf109b16009334d9828e"
  integrity sha1-KdOwldVe5Q349M8QmxYAkzTZgo4=

"@types/node@*":
  version "17.0.2"
  resolved "https://registry.yarnpkg.com/@types/node/-/node-17.0.2.tgz#a4c07d47ff737e8ee7e586fe636ff0e1ddff070a"
  integrity sha512-JepeIUPFDARgIs0zD/SKPgFsJEAF0X5/qO80llx59gOxFTboS9Amv3S+QfB7lqBId5sFXJ99BN0J6zFRvL9dDA==

"@types/node@^16.6.2":
  version "16.11.6"
  resolved "https://registry.npmmirror.com/@types/node/download/@types/node-16.11.6.tgz?cache=0&sync_timestamp=1635213425908&other_urls=https%3A%2F%2Fregistry.npmmirror.com%2F%40types%2Fnode%2Fdownload%2F%40types%2Fnode-16.11.6.tgz#6bef7a2a0ad684cf6e90fcfe31cecabd9ce0a3ae"
  integrity sha1-a+96KgrWhM9ukPz+Mc7KvZzgo64=

"@types/vscode@^1.61.0":
  version "1.62.0"
  resolved "https://registry.yarnpkg.com/@types/vscode/-/vscode-1.62.0.tgz#b4d6d192d5aeb75e91d0adef689c3ecef9879da7"
  integrity sha512-iGlQJ1w5e3qPUryroO6v4lxg3ql1ztdTCwQW3xEwFawdyPLoeUSv48SYfMwc7kQA7h6ThUqflZIjgKAykeF9oA==

"@types/xml2js@^0.4.9":
  version "0.4.9"
  resolved "https://registry.yarnpkg.com/@types/xml2js/-/xml2js-0.4.9.tgz#a38267d8c2fe121c96922b12ee3bd89a58a6e20e"
  integrity sha512-CHiCKIihl1pychwR2RNX5mAYmJDACgFVCMT5OArMaO3erzwXVcBqPcusr+Vl8yeeXukxZqtF8mZioqX+mpjjdw==
  dependencies:
    "@types/node" "*"

"@types/xmldom@^0.1.31":
  version "0.1.31"
  resolved "https://registry.yarnpkg.com/@types/xmldom/-/xmldom-0.1.31.tgz#519b647cfc66debf82cdf50e49763c8fdee553d6"
  integrity sha512-bVy7s0nvaR5D1mT1a8ZkByHWNOGb6Vn4yi5TWhEdmyKlAG+08SA7Md6+jH+tYmMLueAwNeWvHHpeKrr6S4c4BA==

acorn-walk@^8.1.1:
  version "8.2.0"
  resolved "https://registry.nlark.com/acorn-walk/download/acorn-walk-8.2.0.tgz?cache=0&sync_timestamp=1630916588767&other_urls=https%3A%2F%2Fregistry.nlark.com%2Facorn-walk%2Fdownload%2Facorn-walk-8.2.0.tgz#741210f2e2426454508853a2f44d0ab83b7f69c1"
  integrity sha1-dBIQ8uJCZFRQiFOi9E0KuDt/acE=

acorn@^8.4.1:
  version "8.5.0"
  resolved "https://registry.nlark.com/acorn/download/acorn-8.5.0.tgz?cache=0&sync_timestamp=1630916591807&other_urls=https%3A%2F%2Fregistry.nlark.com%2Facorn%2Fdownload%2Facorn-8.5.0.tgz#4512ccb99b3698c752591e9bb4472e38ad43cee2"
  integrity sha1-RRLMuZs2mMdSWR6btEcuOK1DzuI=

ansi-styles@^3.2.1:
  version "3.2.1"
  resolved "https://registry.nlark.com/ansi-styles/download/ansi-styles-3.2.1.tgz#41fbb20243e50b12be0f04b8dedbf07520ce841d"
  integrity sha1-QfuyAkPlCxK+DwS43tvwdSDOhB0=
  dependencies:
    color-convert "^1.9.0"

arg@^4.1.0:
  version "4.1.3"
  resolved "https://registry.nlark.com/arg/download/arg-4.1.3.tgz#269fc7ad5b8e42cb63c896d5666017261c144089"
  integrity sha1-Jp/HrVuOQstjyJbVZmAXJhwUQIk=

bluebird@^3.7.2:
  version "3.7.2"
  resolved "https://registry.npm.taobao.org/bluebird/download/bluebird-3.7.2.tgz?cache=0&sync_timestamp=1602657218976&other_urls=https%3A%2F%2Fregistry.npm.taobao.org%2Fbluebird%2Fdownload%2Fbluebird-3.7.2.tgz#9f229c15be272454ffa973ace0dbee79a1b0c36f"
  integrity sha1-nyKcFb4nJFT/qXOs4NvueaGww28=

"chalk@< 3 && >= 2":
  version "2.4.2"
  resolved "https://registry.nlark.com/chalk/download/chalk-2.4.2.tgz?cache=0&sync_timestamp=1627646734234&other_urls=https%3A%2F%2Fregistry.nlark.com%2Fchalk%2Fdownload%2Fchalk-2.4.2.tgz#cd42541677a54333cf541a49108c1432b44c9424"
  integrity sha1-zUJUFnelQzPPVBpJEIwUMrRMlCQ=
  dependencies:
    ansi-styles "^3.2.1"
    escape-string-regexp "^1.0.5"
    supports-color "^5.3.0"

color-convert@^1.9.0:
  version "1.9.3"
  resolved "https://registry.nlark.com/color-convert/download/color-convert-1.9.3.tgz#bb71850690e1f136567de629d2d5471deda4c1e8"
  integrity sha1-u3GFBpDh8TZWfeYp0tVHHe2kweg=
  dependencies:
    color-name "1.1.3"

color-name@1.1.3:
  version "1.1.3"
  resolved "https://registry.nlark.com/color-name/download/color-name-1.1.3.tgz#a7d0558bd89c42f795dd42328f740831ca53bc25"
  integrity sha1-p9BVi9icQveV3UIyj3QIMcpTvCU=

create-require@^1.1.0:
  version "1.1.1"
  resolved "https://registry.npm.taobao.org/create-require/download/create-require-1.1.1.tgz#c1d7e8f1e5f6cfc9ff65f9cd352d37348756c333"
  integrity sha1-wdfo8eX2z8n/ZfnNNS03NIdWwzM=

debug-color2@^1:
  version "1.2.7"
  resolved "https://registry.nlark.com/debug-color2/download/debug-color2-1.2.7.tgz#ebef64914f2ce76cd64467007e6e4430ee545e9d"
  integrity sha1-6+9kkU8s52zWRGcAfm5EMO5UXp0=
  dependencies:
    "@types/luxon" "*"
    chalk "< 3 && >= 2"
    env-bool "^1.0.3"
    luxon "^1.28.0"
    ts-type "^1.2.35"
    tslib "^2.3.0"

diff@^4.0.1:
  version "4.0.2"
  resolved "https://registry.npm.taobao.org/diff/download/diff-4.0.2.tgz#60f3aecb89d5fae520c11aa19efc2bb982aade7d"
  integrity sha1-YPOuy4nV+uUgwRqhnvwruYKq3n0=

env-bool@^1.0.3:
  version "1.0.3"
  resolved "https://registry.nlark.com/env-bool/download/env-bool-1.0.3.tgz#4b564760816766eed01b59b3a3c95e87c925548d"
  integrity sha1-S1ZHYIFnZu7QG1mzo8leh8klVI0=

escape-string-regexp@^1.0.2, escape-string-regexp@^1.0.5:
  version "1.0.5"
  resolved "https://registry.npm.taobao.org/escape-string-regexp/download/escape-string-regexp-1.0.5.tgz?cache=0&sync_timestamp=1618677309735&other_urls=https%3A%2F%2Fregistry.npm.taobao.org%2Fescape-string-regexp%2Fdownload%2Fescape-string-regexp-1.0.5.tgz#1b61c0562190a8dff6ae3bb2cf0200ca130b86d4"
  integrity sha1-G2HAViGQqN/2rjuyzwIAyhMLhtQ=

filename-reserved-regex@^2.0.0:
  version "2.0.0"
  resolved "https://registry.nlark.com/filename-reserved-regex/download/filename-reserved-regex-2.0.0.tgz#abf73dfab735d045440abfea2d91f389ebbfa229"
  integrity sha1-q/c9+rc10EVECr/qLZHzieu/oik=

"filenamify@<5 >=4":
  version "4.3.0"
  resolved "https://registry.npmmirror.com/filenamify/download/filenamify-4.3.0.tgz#62391cb58f02b09971c9d4f9d63b3cf9aba03106"
  integrity sha1-YjkctY8CsJlxydT51js8+augMQY=
  dependencies:
    filename-reserved-regex "^2.0.0"
    strip-outer "^1.0.1"
    trim-repeated "^1.0.0"

fs-extra@^10.0.0:
  version "10.0.0"
  resolved "https://registry.nlark.com/fs-extra/download/fs-extra-10.0.0.tgz#9ff61b655dde53fb34a82df84bb214ce802e17c1"
  integrity sha1-n/YbZV3eU/s0qC34S7IUzoAuF8E=
  dependencies:
    graceful-fs "^4.2.0"
    jsonfile "^6.0.1"
    universalify "^2.0.0"

fs-iconv@^3.1.6:
  version "3.1.6"
  resolved "https://registry.npmmirror.com/fs-iconv/download/fs-iconv-3.1.6.tgz#5d762ea8aaa8f1d670dca0f5450bd8936d61a929"
  integrity sha1-XXYuqKqo8dZw3KD1RQvYk21hqSk=
  dependencies:
    "@lazy-node/sanitize-filename" "^1.0.2"
    bluebird "^3.7.2"
    fs-extra "^10.0.0"
    iconv-jschardet "^2.0.21"
    lodash "^4.17.21"
    ts-type "^1.2.39"
    tslib "^2.3.1"

graceful-fs@^4.1.6, graceful-fs@^4.2.0:
  version "4.2.8"
  resolved "https://registry.nlark.com/graceful-fs/download/graceful-fs-4.2.8.tgz#e412b8d33f5e006593cbd3cee6df9f2cebbe802a"
  integrity sha1-5BK40z9eAGWTy9PO5t+fLOu+gCo=

has-flag@^3.0.0:
  version "3.0.0"
  resolved "https://registry.nlark.com/has-flag/download/has-flag-3.0.0.tgz?cache=0&sync_timestamp=1626715907927&other_urls=https%3A%2F%2Fregistry.nlark.com%2Fhas-flag%2Fdownload%2Fhas-flag-3.0.0.tgz#b5d454dc2199ae225699f3467e5a07f3b955bafd"
  integrity sha1-tdRU3CGZriJWmfNGfloH87lVuv0=

iconv-jschardet@^2.0.21:
  version "2.0.21"
  resolved "https://registry.nlark.com/iconv-jschardet/download/iconv-jschardet-2.0.21.tgz#0ea4352828199d8fcbfaabdd4dd06c812547ff4e"
  integrity sha1-DqQ1KCgZnY/L+qvdTdBsgSVH/04=
  dependencies:
    debug-color2 "^1"
    env-bool "^1.0.3"
    iconv-lite "^0.6.3"
    jschardet "^3.0.0"
    tslib "^2.3.1"

iconv-lite@^0.6.3:
  version "0.6.3"
  resolved "https://registry.nlark.com/iconv-lite/download/iconv-lite-0.6.3.tgz?cache=0&other_urls=https%3A%2F%2Fregistry.nlark.com%2Ficonv-lite%2Fdownload%2Ficonv-lite-0.6.3.tgz#a52f80bf38da1952eb5c681790719871a1a72501"
  integrity sha1-pS+AvzjaGVLrXGgXkHGYcaGnJQE=
  dependencies:
    safer-buffer ">= 2.1.2 < 3.0.0"

jschardet@3.0.0, jschardet@^3.0.0:
  version "3.0.0"
  resolved "https://registry.npm.taobao.org/jschardet/download/jschardet-3.0.0.tgz#898d2332e45ebabbdb6bf2feece9feea9a99e882"
  integrity sha1-iY0jMuReurvba/L+7On+6pqZ6II=

jsonfile@^6.0.1:
  version "6.1.0"
  resolved "https://registry.nlark.com/jsonfile/download/jsonfile-6.1.0.tgz#bc55b2634793c679ec6403094eb13698a6ec0aae"
  integrity sha1-vFWyY0eTxnnsZAMJTrE2mKbsCq4=
  dependencies:
    universalify "^2.0.0"
  optionalDependencies:
    graceful-fs "^4.1.6"

lodash@^4.17.21:
  version "4.17.21"
  resolved "https://registry.nlark.com/lodash/download/lodash-4.17.21.tgz#679591c564c3bffaae8454cf0b3df370c3d6911c"
  integrity sha1-Z5WRxWTDv/quhFTPCz3zcMPWkRw=

luxon@^1.28.0:
  version "1.28.0"
  resolved "https://registry.nlark.com/luxon/download/luxon-1.28.0.tgz#e7f96daad3938c06a62de0fb027115d251251fbf"
  integrity sha1-5/ltqtOTjAamLeD7AnEV0lElH78=

make-error@^1.1.1:
  version "1.3.6"
  resolved "https://registry.nlark.com/make-error/download/make-error-1.3.6.tgz#2eb2e37ea9b67c4891f684a1394799af484cf7a2"
  integrity sha1-LrLjfqm2fEiR9oShOUeZr0hM96I=

regexp-helper-core@^1.0.18:
  version "1.0.19"
  resolved "https://registry.npmmirror.com/regexp-helper-core/download/regexp-helper-core-1.0.19.tgz#afab41fd22d990611439ff8ce16ce394df311d12"
  integrity sha1-r6tB/SLZkGEUOf+M4WzjlN8xHRI=
  dependencies:
    tslib "^2.3.1"

"safer-buffer@>= 2.1.2 < 3.0.0":
  version "2.1.2"
  resolved "https://registry.nlark.com/safer-buffer/download/safer-buffer-2.1.2.tgz#44fa161b0187b9549dd84bb91802f9bd8385cd6a"
  integrity sha1-RPoWGwGHuVSd2Eu5GAL5vYOFzWo=

sax@>=0.6.0:
  version "1.2.4"
  resolved "https://registry.yarnpkg.com/sax/-/sax-1.2.4.tgz#2816234e2378bddc4e5354fab5caa895df7100d9"
  integrity sha512-NqVDv9TpANUjFm0N8uM5GxL36UgKi9/atZw+x7YFnQ8ckwFGKrl4xX4yWtrey3UJm5nP1kUbnYgLopqWNSRhWw==

strip-outer@^1.0.1:
  version "1.0.1"
  resolved "https://registry.nlark.com/strip-outer/download/strip-outer-1.0.1.tgz#b2fd2abf6604b9d1e6013057195df836b8a9d631"
  integrity sha1-sv0qv2YEudHmATBXGV34Nrip1jE=
  dependencies:
    escape-string-regexp "^1.0.2"

supports-color@^5.3.0:
  version "5.5.0"
  resolved "https://registry.nlark.com/supports-color/download/supports-color-5.5.0.tgz?cache=0&sync_timestamp=1626703400240&other_urls=https%3A%2F%2Fregistry.nlark.com%2Fsupports-color%2Fdownload%2Fsupports-color-5.5.0.tgz#e2e69a44ac8772f78a1ec0b35b689df6530efc8f"
  integrity sha1-4uaaRKyHcveKHsCzW2id9lMO/I8=
  dependencies:
    has-flag "^3.0.0"

trim-repeated@^1.0.0:
  version "1.0.0"
  resolved "https://registry.nlark.com/trim-repeated/download/trim-repeated-1.0.0.tgz#e3646a2ea4e891312bf7eace6cfb05380bc01c21"
  integrity sha1-42RqLqTokTEr9+rObPsFOAvAHCE=
  dependencies:
    escape-string-regexp "^1.0.2"

ts-node@^10.2.1:
  version "10.4.0"
  resolved "https://registry.npmmirror.com/ts-node/download/ts-node-10.4.0.tgz?cache=0&sync_timestamp=1634967309619&other_urls=https%3A%2F%2Fregistry.npmmirror.com%2Fts-node%2Fdownload%2Fts-node-10.4.0.tgz#680f88945885f4e6cf450e7f0d6223dd404895f7"
  integrity sha1-aA+IlFiF9ObPRQ5/DWIj3UBIlfc=
  dependencies:
    "@cspotcode/source-map-support" "0.7.0"
    "@tsconfig/node10" "^1.0.7"
    "@tsconfig/node12" "^1.0.7"
    "@tsconfig/node14" "^1.0.0"
    "@tsconfig/node16" "^1.0.2"
    acorn "^8.4.1"
    acorn-walk "^8.1.1"
    arg "^4.1.0"
    create-require "^1.1.0"
    diff "^4.0.1"
    make-error "^1.1.1"
    yn "3.1.1"

ts-type@^1.2.35, ts-type@^1.2.39:
  version "1.2.40"
  resolved "https://registry.nlark.com/ts-type/download/ts-type-1.2.40.tgz#db3ceb95281567fe72591b9a904488e85c5b74fe"
  integrity sha1-2zzrlSgVZ/5yWRuakESI6FxbdP4=
  dependencies:
    tslib "^2.3.0"
    typedarray-dts "^1.0.0"

tslib@^2.3.0, tslib@^2.3.1:
  version "2.3.1"
  resolved "https://registry.nlark.com/tslib/download/tslib-2.3.1.tgz#e8a335add5ceae51aa261d32a490158ef042ef01"
  integrity sha1-6KM1rdXOrlGqJh0ypJAVjvBC7wE=

typedarray-dts@^1.0.0:
  version "1.0.0"
  resolved "https://registry.nlark.com/typedarray-dts/download/typedarray-dts-1.0.0.tgz#9dec9811386dbfba964c295c2606cf9a6b982d06"
  integrity sha1-neyYEThtv7qWTClcJgbPmmuYLQY=

typescript@^4.3.5:
  version "4.4.4"
  resolved "https://registry.npmmirror.com/typescript/download/typescript-4.4.4.tgz#2cd01a1a1f160704d3101fd5a58ff0f9fcb8030c"
  integrity sha1-LNAaGh8WBwTTEB/VpY/w+fy4Aww=

universalify@^2.0.0:
  version "2.0.0"
  resolved "https://registry.npm.taobao.org/universalify/download/universalify-2.0.0.tgz#75a4984efedc4b08975c5aeb73f530d02df25717"
  integrity sha1-daSYTv7cSwiXXFrrc/Uw0C3yVxc=

vscode-jsonrpc@6.0.0:
  version "6.0.0"
  resolved "https://registry.npmmirror.com/vscode-jsonrpc/download/vscode-jsonrpc-6.0.0.tgz#108bdb09b4400705176b957ceca9e0880e9b6d4e"
  integrity sha1-EIvbCbRABwUXa5V87KngiA6bbU4=

vscode-languageserver-protocol@3.16.0:
  version "3.16.0"
  resolved "https://registry.npmmirror.com/vscode-languageserver-protocol/download/vscode-languageserver-protocol-3.16.0.tgz#34135b61a9091db972188a07d337406a3cdbe821"
  integrity sha1-NBNbYakJHblyGIoH0zdAajzb6CE=
  dependencies:
    vscode-jsonrpc "6.0.0"
    vscode-languageserver-types "3.16.0"

vscode-languageserver-textdocument@^1.0.1:
  version "1.0.2"
  resolved "https://registry.npmmirror.com/vscode-languageserver-textdocument/download/vscode-languageserver-textdocument-1.0.2.tgz#2f9f6bd5b5eb3d8e21424c0c367009216f016236"
  integrity sha1-L59r1bXrPY4hQkwMNnAJIW8BYjY=

vscode-languageserver-types@3.16.0:
  version "3.16.0"
  resolved "https://registry.npmmirror.com/vscode-languageserver-types/download/vscode-languageserver-types-3.16.0.tgz#ecf393fc121ec6974b2da3efb3155644c514e247"
  integrity sha1-7POT/BIexpdLLaPvsxVWRMUU4kc=

vscode-languageserver@^7.0.0:
  version "7.0.0"
  resolved "https://registry.npmmirror.com/vscode-languageserver/download/vscode-languageserver-7.0.0.tgz#49b068c87cfcca93a356969d20f5d9bdd501c6b0"
  integrity sha1-SbBoyHz8ypOjVpadIPXZvdUBxrA=
  dependencies:
    vscode-languageserver-protocol "3.16.0"

vscode-uri@^3.0.2:
  version "3.0.2"
  resolved "https://registry.yarnpkg.com/vscode-uri/-/vscode-uri-3.0.2.tgz#ecfd1d066cb8ef4c3a208decdbab9a8c23d055d0"
  integrity sha512-jkjy6pjU1fxUvI51P+gCsxg1u2n8LSt0W6KrCNQceaziKzff74GoWmjVG46KieVzybO1sttPQmYfrwSHey7GUA==

xml2js@^0.4.23:
  version "0.4.23"
  resolved "https://registry.yarnpkg.com/xml2js/-/xml2js-0.4.23.tgz#a0c69516752421eb2ac758ee4d4ccf58843eac66"
  integrity sha512-ySPiMjM0+pLDftHgXY4By0uswI3SPKLDw/i3UXbnO8M/p28zqexCUoPmQFrYD+/1BzhGJSs2i1ERWKJAtiLrug==
  dependencies:
    sax ">=0.6.0"
    xmlbuilder "~11.0.0"

xmlbuilder@~11.0.0:
  version "11.0.1"
  resolved "https://registry.yarnpkg.com/xmlbuilder/-/xmlbuilder-11.0.1.tgz#be9bae1c8a046e76b31127726347d0ad7002beb3"
  integrity sha512-fDlsI/kFEx7gLvbecc0/ohLG50fugQp8ryHzMTuW9vSa1GJ0XYWKnhsUx7oie3G98+r56aTQIUB4kht42R3JvA==

xmldom@^0.6.0:
  version "0.6.0"
  resolved "https://registry.yarnpkg.com/xmldom/-/xmldom-0.6.0.tgz#43a96ecb8beece991cef382c08397d82d4d0c46f"
  integrity sha512-iAcin401y58LckRZ0TkI4k0VSM1Qg0KGSc3i8rU+xrxe19A/BN1zHyVSJY7uoutVlaTSzYyk/v5AmkewAP7jtg==

yn@3.1.1:
  version "3.1.1"
  resolved "https://registry.nlark.com/yn/download/yn-3.1.1.tgz?cache=0&sync_timestamp=1628974720589&other_urls=https%3A%2F%2Fregistry.nlark.com%2Fyn%2Fdownload%2Fyn-3.1.1.tgz#1e87401a09d767c1d5eab26a6e4c185182d2eb50"
  integrity sha1-HodAGgnXZ8HV6rJqbkwYUYLS61A=

zero-width@^1.0.16:
  version "1.0.16"
  resolved "https://registry.npmmirror.com/zero-width/download/zero-width-1.0.16.tgz#dd4dae3448849a08f608fcffea9d29892859488e"
  integrity sha1-3U2uNEiEmgj2CPz/6p0piShZSI4=
  dependencies:
    regexp-helper-core "^1.0.18"
    tslib "^2.3.0"
